<?xml version="1.0" encoding="utf-8"?>
<Project ToolsVersion="4.0" xmlns="http://schemas.microsoft.com/developer/msbuild/2003">
  <ItemGroup>
    <Filter Include="Source Files">
      <UniqueIdentifier>{4FC737F1-C7A5-4376-A066-2A32D752A2FF}</UniqueIdentifier>
      <Extensions>cpp;c;cc;cxx;def;odl;idl;hpj;bat;asm;asmx</Extensions>
    </Filter>
    <Filter Include="Header Files">
      <UniqueIdentifier>{93995380-89BD-4b04-88EB-625FBE52EBFB}</UniqueIdentifier>
      <Extensions>h;hh;hpp;hxx;hm;inl;inc;xsd</Extensions>
    </Filter>
    <Filter Include="Resource Files">
      <UniqueIdentifier>{67DA6AB6-F800-4c08-8B7A-83BB121AAD01}</UniqueIdentifier>
      <Extensions>rc;ico;cur;bmp;dlg;rc2;rct;bin;rgs;gif;jpg;jpeg;jpe;resx;tiff;tif;png;wav;mfcribbon-ms</Extensions>
    </Filter>
    <Filter Include="Source Files\Driver Interfaces">
      <UniqueIdentifier>{a27c9ca0-518e-426e-aab3-3c1c9dc218b3}</UniqueIdentifier>
    </Filter>
    <Filter Include="Header Files\Driver Interfaces">
      <UniqueIdentifier>{92908c81-370e-4744-8f8e-44427a0002a7}</UniqueIdentifier>
    </Filter>
    <Filter Include="Header Files\Driver Interfaces\FileIO">
      <UniqueIdentifier>{fb623e92-0328-467a-a0cf-42f61137cb4a}</UniqueIdentifier>
    </Filter>
  </ItemGroup>
  <ItemGroup>
    <None Include="FlexVM4Arduiono.ino" />
  </ItemGroup>
  <ItemGroup>
    <ClInclude Include="__vm\.FlexVM4Arduiono.vsarduino.h">
      <Filter>Header Files</Filter>
    </ClInclude>
    <ClInclude Include="FlexMemory.h">
      <Filter>Header Files</Filter>
    </ClInclude>
    <ClInclude Include="FlexTypes.h">
      <Filter>Header Files</Filter>
    </ClInclude>
    <ClInclude Include="FileIO_Interface.h">
      <Filter>Header Files\Driver Interfaces\FileIO</Filter>
    </ClInclude>
    <ClInclude Include="FileIO_Arduino.h">
      <Filter>Header Files\Driver Interfaces\FileIO</Filter>
    </ClInclude>
    <ClInclude Include="DIGraphics_Arduino.h">
      <Filter>Header Files</Filter>
    </ClInclude>
    <ClInclude Include="FlexProcessor.h">
      <Filter>Header Files</Filter>
    </ClInclude>
    <ClInclude Include="SCGraphics_Arduino.h">
      <Filter>Header Files</Filter>
    </ClInclude>
  </ItemGroup>
  <ItemGroup>
    <ClCompile Include="FlexMemory.cpp">
      <Filter>Source Files</Filter>
    </ClCompile>
    <ClCompile Include="FlexTypes.cpp">
      <Filter>Source Files</Filter>
    </ClCompile>
    <ClCompile Include="FileIO_Interface.cpp">
      <Filter>Source Files</Filter>
    </ClCompile>
    <ClCompile Include="FileIO_Arduino.cpp">
      <Filter>Source Files</Filter>
    </ClCompile>
    <ClCompile Include="DIGraphics_Arduino.cpp">
      <Filter>Source Files</Filter>
    </ClCompile>
    <ClCompile Include="FlexProcessor.cpp">
      <Filter>Source Files</Filter>
    </ClCompile>
    <ClCompile Include="SCGraphics_Arduino.cpp">
      <Filter>Source Files</Filter>
    </ClCompile>
  </ItemGroup>
</Project>